// !$*UTF8*$!
{
	archiveVersion = 1;
	classes = {
	};
	objectVersion = 46;
	objects = {

/* Begin PBXBuildFile section */
		7744742A18E6E1E0000C0153 /* Foundation.framework in Frameworks */ = {isa = PBXBuildFile; fileRef = 7744742918E6E1E0000C0153 /* Foundation.framework */; };
		7744742C18E6E1E0000C0153 /* CoreGraphics.framework in Frameworks */ = {isa = PBXBuildFile; fileRef = 7744742B18E6E1E0000C0153 /* CoreGraphics.framework */; };
		7744742E18E6E1E0000C0153 /* UIKit.framework in Frameworks */ = {isa = PBXBuildFile; fileRef = 7744742D18E6E1E0000C0153 /* UIKit.framework */; };
		7744743418E6E1E0000C0153 /* InfoPlist.strings in Resources */ = {isa = PBXBuildFile; fileRef = 7744743218E6E1E0000C0153 /* InfoPlist.strings */; };
		7744743618E6E1E0000C0153 /* main.m in Sources */ = {isa = PBXBuildFile; fileRef = 7744743518E6E1E0000C0153 /* main.m */; };
		7744743A18E6E1E0000C0153 /* ELVAppDelegate.m in Sources */ = {isa = PBXBuildFile; fileRef = 7744743918E6E1E0000C0153 /* ELVAppDelegate.m */; };
		7744743D18E6E1E1000C0153 /* Main_iPhone.storyboard in Resources */ = {isa = PBXBuildFile; fileRef = 7744743B18E6E1E1000C0153 /* Main_iPhone.storyboard */; };
		7744744018E6E1E1000C0153 /* Main_iPad.storyboard in Resources */ = {isa = PBXBuildFile; fileRef = 7744743E18E6E1E1000C0153 /* Main_iPad.storyboard */; };
		7744744318E6E1E1000C0153 /* ELVMasterViewController.m in Sources */ = {isa = PBXBuildFile; fileRef = 7744744218E6E1E1000C0153 /* ELVMasterViewController.m */; };
		7744744618E6E1E1000C0153 /* ELVDetailViewController.m in Sources */ = {isa = PBXBuildFile; fileRef = 7744744518E6E1E1000C0153 /* ELVDetailViewController.m */; };
		7744744818E6E1E1000C0153 /* Images.xcassets in Resources */ = {isa = PBXBuildFile; fileRef = 7744744718E6E1E1000C0153 /* Images.xcassets */; };
		7744744F18E6E1E1000C0153 /* XCTest.framework in Frameworks */ = {isa = PBXBuildFile; fileRef = 7744744E18E6E1E1000C0153 /* XCTest.framework */; };
		7744745018E6E1E1000C0153 /* Foundation.framework in Frameworks */ = {isa = PBXBuildFile; fileRef = 7744742918E6E1E0000C0153 /* Foundation.framework */; };
		7744745118E6E1E1000C0153 /* UIKit.framework in Frameworks */ = {isa = PBXBuildFile; fileRef = 7744742D18E6E1E0000C0153 /* UIKit.framework */; };
		7744745918E6E1E1000C0153 /* InfoPlist.strings in Resources */ = {isa = PBXBuildFile; fileRef = 7744745718E6E1E1000C0153 /* InfoPlist.strings */; };
		7744745B18E6E1E1000C0153 /* yekdriveTests.m in Sources */ = {isa = PBXBuildFile; fileRef = 7744745A18E6E1E1000C0153 /* yekdriveTests.m */; };
		7744746518E6E35C000C0153 /* DropboxSDK.framework in Frameworks */ = {isa = PBXBuildFile; fileRef = 7744746418E6E35C000C0153 /* DropboxSDK.framework */; };
		7744746718E6E38A000C0153 /* Security.framework in Frameworks */ = {isa = PBXBuildFile; fileRef = 7744746618E6E38A000C0153 /* Security.framework */; };
		7744746918E6E395000C0153 /* QuartzCore.framework in Frameworks */ = {isa = PBXBuildFile; fileRef = 7744746818E6E395000C0153 /* QuartzCore.framework */; };
/* End PBXBuildFile section */

/* Begin PBXContainerItemProxy section */
		7744745218E6E1E1000C0153 /* PBXContainerItemProxy */ = {
			isa = PBXContainerItemProxy;
			containerPortal = 7744741E18E6E1E0000C0153 /* Project object */;
			proxyType = 1;
			remoteGlobalIDString = 7744742518E6E1E0000C0153;
			remoteInfo = yekdrive;
		};
/* End PBXContainerItemProxy section */

/* Begin PBXFileReference section */
		7744742618E6E1E0000C0153 /* yekdrive.app */ = {isa = PBXFileReference; explicitFileType = wrapper.application; includeInIndex = 0; path = yekdrive.app; sourceTree = BUILT_PRODUCTS_DIR; };
		7744742918E6E1E0000C0153 /* Foundation.framework */ = {isa = PBXFileReference; lastKnownFileType = wrapper.framework; name = Foundation.framework; path = System/Library/Frameworks/Foundation.framework; sourceTree = SDKROOT; };
		7744742B18E6E1E0000C0153 /* CoreGraphics.framework */ = {isa = PBXFileReference; lastKnownFileType = wrapper.framework; name = CoreGraphics.framework; path = System/Library/Frameworks/CoreGraphics.framework; sourceTree = SDKROOT; };
		7744742D18E6E1E0000C0153 /* UIKit.framework */ = {isa = PBXFileReference; lastKnownFileType = wrapper.framework; name = UIKit.framework; path = System/Library/Frameworks/UIKit.framework; sourceTree = SDKROOT; };
		7744743118E6E1E0000C0153 /* yekdrive-Info.plist */ = {isa = PBXFileReference; lastKnownFileType = text.plist.xml; path = "yekdrive-Info.plist"; sourceTree = "<group>"; };
		7744743318E6E1E0000C0153 /* en */ = {isa = PBXFileReference; lastKnownFileType = text.plist.strings; name = en; path = en.lproj/InfoPlist.strings; sourceTree = "<group>"; };
		7744743518E6E1E0000C0153 /* main.m */ = {isa = PBXFileReference; lastKnownFileType = sourcecode.c.objc; path = main.m; sourceTree = "<group>"; };
		7744743718E6E1E0000C0153 /* yekdrive-Prefix.pch */ = {isa = PBXFileReference; lastKnownFileType = sourcecode.c.h; path = "yekdrive-Prefix.pch"; sourceTree = "<group>"; };
		7744743818E6E1E0000C0153 /* ELVAppDelegate.h */ = {isa = PBXFileReference; lastKnownFileType = sourcecode.c.h; path = ELVAppDelegate.h; sourceTree = "<group>"; };
		7744743918E6E1E0000C0153 /* ELVAppDelegate.m */ = {isa = PBXFileReference; lastKnownFileType = sourcecode.c.objc; path = ELVAppDelegate.m; sourceTree = "<group>"; };
		7744743C18E6E1E1000C0153 /* Base */ = {isa = PBXFileReference; lastKnownFileType = file.storyboard; name = Base; path = Base.lproj/Main_iPhone.storyboard; sourceTree = "<group>"; };
		7744743F18E6E1E1000C0153 /* Base */ = {isa = PBXFileReference; lastKnownFileType = file.storyboard; name = Base; path = Base.lproj/Main_iPad.storyboard; sourceTree = "<group>"; };
		7744744118E6E1E1000C0153 /* ELVMasterViewController.h */ = {isa = PBXFileReference; lastKnownFileType = sourcecode.c.h; path = ELVMasterViewController.h; sourceTree = "<group>"; };
		7744744218E6E1E1000C0153 /* ELVMasterViewController.m */ = {isa = PBXFileReference; lastKnownFileType = sourcecode.c.objc; path = ELVMasterViewController.m; sourceTree = "<group>"; };
		7744744418E6E1E1000C0153 /* ELVDetailViewController.h */ = {isa = PBXFileReference; lastKnownFileType = sourcecode.c.h; path = ELVDetailViewController.h; sourceTree = "<group>"; };
		7744744518E6E1E1000C0153 /* ELVDetailViewController.m */ = {isa = PBXFileReference; lastKnownFileType = sourcecode.c.objc; path = ELVDetailViewController.m; sourceTree = "<group>"; };
		7744744718E6E1E1000C0153 /* Images.xcassets */ = {isa = PBXFileReference; lastKnownFileType = folder.assetcatalog; path = Images.xcassets; sourceTree = "<group>"; };
		7744744D18E6E1E1000C0153 /* yekdriveTests.xctest */ = {isa = PBXFileReference; explicitFileType = wrapper.cfbundle; includeInIndex = 0; path = yekdriveTests.xctest; sourceTree = BUILT_PRODUCTS_DIR; };
		7744744E18E6E1E1000C0153 /* XCTest.framework */ = {isa = PBXFileReference; lastKnownFileType = wrapper.framework; name = XCTest.framework; path = Library/Frameworks/XCTest.framework; sourceTree = DEVELOPER_DIR; };
		7744745618E6E1E1000C0153 /* yekdriveTests-Info.plist */ = {isa = PBXFileReference; lastKnownFileType = text.plist.xml; path = "yekdriveTests-Info.plist"; sourceTree = "<group>"; };
		7744745818E6E1E1000C0153 /* en */ = {isa = PBXFileReference; lastKnownFileType = text.plist.strings; name = en; path = en.lproj/InfoPlist.strings; sourceTree = "<group>"; };
		7744745A18E6E1E1000C0153 /* yekdriveTests.m */ = {isa = PBXFileReference; lastKnownFileType = sourcecode.c.objc; path = yekdriveTests.m; sourceTree = "<group>"; };
		7744746418E6E35C000C0153 /* DropboxSDK.framework */ = {isa = PBXFileReference; lastKnownFileType = wrapper.framework; path = DropboxSDK.framework; sourceTree = "<group>"; };
		7744746618E6E38A000C0153 /* Security.framework */ = {isa = PBXFileReference; lastKnownFileType = wrapper.framework; name = Security.framework; path = System/Library/Frameworks/Security.framework; sourceTree = SDKROOT; };
		7744746818E6E395000C0153 /* QuartzCore.framework */ = {isa = PBXFileReference; lastKnownFileType = wrapper.framework; name = QuartzCore.framework; path = System/Library/Frameworks/QuartzCore.framework; sourceTree = SDKROOT; };
/* End PBXFileReference section */

/* Begin PBXFrameworksBuildPhase section */
		7744742318E6E1E0000C0153 /* Frameworks */ = {
			isa = PBXFrameworksBuildPhase;
			buildActionMask = 2147483647;
			files = (
				7744746918E6E395000C0153 /* QuartzCore.framework in Frameworks */,
				7744746718E6E38A000C0153 /* Security.framework in Frameworks */,
				7744746518E6E35C000C0153 /* DropboxSDK.framework in Frameworks */,
				7744742C18E6E1E0000C0153 /* CoreGraphics.framework in Frameworks */,
				7744742E18E6E1E0000C0153 /* UIKit.framework in Frameworks */,
				7744742A18E6E1E0000C0153 /* Foundation.framework in Frameworks */,
			);
			runOnlyForDeploymentPostprocessing = 0;
		};
		7744744A18E6E1E1000C0153 /* Frameworks */ = {
			isa = PBXFrameworksBuildPhase;
			buildActionMask = 2147483647;
			files = (
				7744744F18E6E1E1000C0153 /* XCTest.framework in Frameworks */,
				7744745118E6E1E1000C0153 /* UIKit.framework in Frameworks */,
				7744745018E6E1E1000C0153 /* Foundation.framework in Frameworks */,
			);
			runOnlyForDeploymentPostprocessing = 0;
		};
/* End PBXFrameworksBuildPhase section */

/* Begin PBXGroup section */
		7744741D18E6E1E0000C0153 = {
			isa = PBXGroup;
			children = (
				7744742F18E6E1E0000C0153 /* yekdrive */,
				7744745418E6E1E1000C0153 /* yekdriveTests */,
				7744742818E6E1E0000C0153 /* Frameworks */,
				7744742718E6E1E0000C0153 /* Products */,
			);
			sourceTree = "<group>";
		};
		7744742718E6E1E0000C0153 /* Products */ = {
			isa = PBXGroup;
			children = (
				7744742618E6E1E0000C0153 /* yekdrive.app */,
				7744744D18E6E1E1000C0153 /* yekdriveTests.xctest */,
			);
			name = Products;
			sourceTree = "<group>";
		};
		7744742818E6E1E0000C0153 /* Frameworks */ = {
			isa = PBXGroup;
			children = (
				7744746818E6E395000C0153 /* QuartzCore.framework */,
				7744746618E6E38A000C0153 /* Security.framework */,
				7744746418E6E35C000C0153 /* DropboxSDK.framework */,
				7744742918E6E1E0000C0153 /* Foundation.framework */,
				7744742B18E6E1E0000C0153 /* CoreGraphics.framework */,
				7744742D18E6E1E0000C0153 /* UIKit.framework */,
				7744744E18E6E1E1000C0153 /* XCTest.framework */,
			);
			name = Frameworks;
			sourceTree = "<group>";
		};
		7744742F18E6E1E0000C0153 /* yekdrive */ = {
			isa = PBXGroup;
			children = (
				7744743818E6E1E0000C0153 /* ELVAppDelegate.h */,
				7744743918E6E1E0000C0153 /* ELVAppDelegate.m */,
				7744743B18E6E1E1000C0153 /* Main_iPhone.storyboard */,
				7744743E18E6E1E1000C0153 /* Main_iPad.storyboard */,
				7744744118E6E1E1000C0153 /* ELVMasterViewController.h */,
				7744744218E6E1E1000C0153 /* ELVMasterViewController.m */,
				7744744418E6E1E1000C0153 /* ELVDetailViewController.h */,
				7744744518E6E1E1000C0153 /* ELVDetailViewController.m */,
				7744744718E6E1E1000C0153 /* Images.xcassets */,
				7744743018E6E1E0000C0153 /* Supporting Files */,
			);
			path = yekdrive;
			sourceTree = "<group>";
		};
		7744743018E6E1E0000C0153 /* Supporting Files */ = {
			isa = PBXGroup;
			children = (
				7744743118E6E1E0000C0153 /* yekdrive-Info.plist */,
				7744743218E6E1E0000C0153 /* InfoPlist.strings */,
				7744743518E6E1E0000C0153 /* main.m */,
				7744743718E6E1E0000C0153 /* yekdrive-Prefix.pch */,
			);
			name = "Supporting Files";
			sourceTree = "<group>";
		};
		7744745418E6E1E1000C0153 /* yekdriveTests */ = {
			isa = PBXGroup;
			children = (
				7744745A18E6E1E1000C0153 /* yekdriveTests.m */,
				7744745518E6E1E1000C0153 /* Supporting Files */,
			);
			path = yekdriveTests;
			sourceTree = "<group>";
		};
		7744745518E6E1E1000C0153 /* Supporting Files */ = {
			isa = PBXGroup;
			children = (
				7744745618E6E1E1000C0153 /* yekdriveTests-Info.plist */,
				7744745718E6E1E1000C0153 /* InfoPlist.strings */,
			);
			name = "Supporting Files";
			sourceTree = "<group>";
		};
/* End PBXGroup section */

/* Begin PBXNativeTarget section */
		7744742518E6E1E0000C0153 /* yekdrive */ = {
			isa = PBXNativeTarget;
			buildConfigurationList = 7744745E18E6E1E1000C0153 /* Build configuration list for PBXNativeTarget "yekdrive" */;
			buildPhases = (
				7744742218E6E1E0000C0153 /* Sources */,
				7744742318E6E1E0000C0153 /* Frameworks */,
				7744742418E6E1E0000C0153 /* Resources */,
			);
			buildRules = (
			);
			dependencies = (
			);
			name = yekdrive;
			productName = yekdrive;
			productReference = 7744742618E6E1E0000C0153 /* yekdrive.app */;
			productType = "com.apple.product-type.application";
		};
		7744744C18E6E1E1000C0153 /* yekdriveTests */ = {
			isa = PBXNativeTarget;
			buildConfigurationList = 7744746118E6E1E1000C0153 /* Build configuration list for PBXNativeTarget "yekdriveTests" */;
			buildPhases = (
				7744744918E6E1E1000C0153 /* Sources */,
				7744744A18E6E1E1000C0153 /* Frameworks */,
				7744744B18E6E1E1000C0153 /* Resources */,
			);
			buildRules = (
			);
			dependencies = (
				7744745318E6E1E1000C0153 /* PBXTargetDependency */,
			);
			name = yekdriveTests;
			productName = yekdriveTests;
			productReference = 7744744D18E6E1E1000C0153 /* yekdriveTests.xctest */;
			productType = "com.apple.product-type.bundle.unit-test";
		};
/* End PBXNativeTarget section */

/* Begin PBXProject section */
		7744741E18E6E1E0000C0153 /* Project object */ = {
			isa = PBXProject;
			attributes = {
				CLASSPREFIX = ELV;
				LastUpgradeCheck = 0510;
				ORGANIZATIONNAME = Elvun;
				TargetAttributes = {
					7744744C18E6E1E1000C0153 = {
						TestTargetID = 7744742518E6E1E0000C0153;
					};
				};
			};
			buildConfigurationList = 7744742118E6E1E0000C0153 /* Build configuration list for PBXProject "yekdrive" */;
			compatibilityVersion = "Xcode 3.2";
			developmentRegion = English;
			hasScannedForEncodings = 0;
			knownRegions = (
				en,
				Base,
			);
			mainGroup = 7744741D18E6E1E0000C0153;
			productRefGroup = 7744742718E6E1E0000C0153 /* Products */;
			projectDirPath = "";
			projectRoot = "";
			targets = (
				7744742518E6E1E0000C0153 /* yekdrive */,
				7744744C18E6E1E1000C0153 /* yekdriveTests */,
			);
		};
/* End PBXProject section */

/* Begin PBXResourcesBuildPhase section */
		7744742418E6E1E0000C0153 /* Resources */ = {
			isa = PBXResourcesBuildPhase;
			buildActionMask = 2147483647;
			files = (
				7744744018E6E1E1000C0153 /* Main_iPad.storyboard in Resources */,
				7744744818E6E1E1000C0153 /* Images.xcassets in Resources */,
				7744743D18E6E1E1000C0153 /* Main_iPhone.storyboard in Resources */,
				7744743418E6E1E0000C0153 /* InfoPlist.strings in Resources */,
			);
			runOnlyForDeploymentPostprocessing = 0;
		};
		7744744B18E6E1E1000C0153 /* Resources */ = {
			isa = PBXResourcesBuildPhase;
			buildActionMask = 2147483647;
			files = (
				7744745918E6E1E1000C0153 /* InfoPlist.strings in Resources */,
			);
			runOnlyForDeploymentPostprocessing = 0;
		};
/* End PBXResourcesBuildPhase section */

/* Begin PBXSourcesBuildPhase section */
		7744742218E6E1E0000C0153 /* Sources */ = {
			isa = PBXSourcesBuildPhase;
			buildActionMask = 2147483647;
			files = (
				7744743A18E6E1E0000C0153 /* ELVAppDelegate.m in Sources */,
				7744744618E6E1E1000C0153 /* ELVDetailViewController.m in Sources */,
				7744743618E6E1E0000C0153 /* main.m in Sources */,
				7744744318E6E1E1000C0153 /* ELVMasterViewController.m in Sources */,
			);
			runOnlyForDeploymentPostprocessing = 0;
		};
		7744744918E6E1E1000C0153 /* Sources */ = {
			isa = PBXSourcesBuildPhase;
			buildActionMask = 2147483647;
			files = (
				7744745B18E6E1E1000C0153 /* yekdriveTests.m in Sources */,
			);
			runOnlyForDeploymentPostprocessing = 0;
		};
/* End PBXSourcesBuildPhase section */

/* Begin PBXTargetDependency section */
		7744745318E6E1E1000C0153 /* PBXTargetDependency */ = {
			isa = PBXTargetDependency;
			target = 7744742518E6E1E0000C0153 /* yekdrive */;
			targetProxy = 7744745218E6E1E1000C0153 /* PBXContainerItemProxy */;
		};
/* End PBXTargetDependency section */

/* Begin PBXVariantGroup section */
		7744743218E6E1E0000C0153 /* InfoPlist.strings */ = {
			isa = PBXVariantGroup;
			children = (
				7744743318E6E1E0000C0153 /* en */,
			);
			name = InfoPlist.strings;
			sourceTree = "<group>";
		};
		7744743B18E6E1E1000C0153 /* Main_iPhone.storyboard */ = {
			isa = PBXVariantGroup;
			children = (
				7744743C18E6E1E1000C0153 /* Base */,
			);
			name = Main_iPhone.storyboard;
			sourceTree = "<group>";
		};
		7744743E18E6E1E1000C0153 /* Main_iPad.storyboard */ = {
			isa = PBXVariantGroup;
			children = (
				7744743F18E6E1E1000C0153 /* Base */,
			);
			name = Main_iPad.storyboard;
			sourceTree = "<group>";
		};
		7744745718E6E1E1000C0153 /* InfoPlist.strings */ = {
			isa = PBXVariantGroup;
			children = (
				7744745818E6E1E1000C0153 /* en */,
			);
			name = InfoPlist.strings;
			sourceTree = "<group>";
		};
/* End PBXVariantGroup section */

/* Begin XCBuildConfiguration section */
		7744745C18E6E1E1000C0153 /* Debug */ = {
			isa = XCBuildConfiguration;
			buildSettings = {
				ALWAYS_SEARCH_USER_PATHS = NO;
				CLANG_CXX_LANGUAGE_STANDARD = "gnu++0x";
				CLANG_CXX_LIBRARY = "libc++";
				CLANG_ENABLE_MODULES = YES;
				CLANG_ENABLE_OBJC_ARC = YES;
				CLANG_WARN_BOOL_CONVERSION = YES;
				CLANG_WARN_CONSTANT_CONVERSION = YES;
				CLANG_WARN_DIRECT_OBJC_ISA_USAGE = YES_ERROR;
				CLANG_WARN_EMPTY_BODY = YES;
				CLANG_WARN_ENUM_CONVERSION = YES;
				CLANG_WARN_INT_CONVERSION = YES;
				CLANG_WARN_OBJC_ROOT_CLASS = YES_ERROR;
				CLANG_WARN__DUPLICATE_METHOD_MATCH = YES;
				"CODE_SIGN_IDENTITY[sdk=iphoneos*]" = "iPhone Developer";
				COPY_PHASE_STRIP = NO;
				GCC_C_LANGUAGE_STANDARD = gnu99;
				GCC_DYNAMIC_NO_PIC = NO;
				GCC_OPTIMIZATION_LEVEL = 0;
				GCC_PREPROCESSOR_DEFINITIONS = (
					"DEBUG=1",
					"$(inherited)",
				);
				GCC_SYMBOLS_PRIVATE_EXTERN = NO;
				GCC_WARN_64_TO_32_BIT_CONVERSION = YES;
				GCC_WARN_ABOUT_RETURN_TYPE = YES_ERROR;
				GCC_WARN_UNDECLARED_SELECTOR = YES;
				GCC_WARN_UNINITIALIZED_AUTOS = YES_AGGRESSIVE;
				GCC_WARN_UNUSED_FUNCTION = YES;
				GCC_WARN_UNUSED_VARIABLE = YES;
				IPHONEOS_DEPLOYMENT_TARGET = 7.1;
				ONLY_ACTIVE_ARCH = YES;
				SDKROOT = iphoneos;
				TARGETED_DEVICE_FAMILY = "1,2";
			};
			name = Debug;
		};
		7744745D18E6E1E1000C0153 /* Release */ = {
			isa = XCBuildConfiguration;
			buildSettings = {
				ALWAYS_SEARCH_USER_PATHS = NO;
				CLANG_CXX_LANGUAGE_STANDARD = "gnu++0x";
				CLANG_CXX_LIBRARY = "libc++";
				CLANG_ENABLE_MODULES = YES;
				CLANG_ENABLE_OBJC_ARC = YES;
				CLANG_WARN_BOOL_CONVERSION = YES;
				CLANG_WARN_CONSTANT_CONVERSION = YES;
				CLANG_WARN_DIRECT_OBJC_ISA_USAGE = YES_ERROR;
				CLANG_WARN_EMPTY_BODY = YES;
				CLANG_WARN_ENUM_CONVERSION = YES;
				CLANG_WARN_INT_CONVERSION = YES;
				CLANG_WARN_OBJC_ROOT_CLASS = YES_ERROR;
				CLANG_WARN__DUPLICATE_METHOD_MATCH = YES;
				"CODE_SIGN_IDENTITY[sdk=iphoneos*]" = "iPhone Developer";
				COPY_PHASE_STRIP = YES;
				ENABLE_NS_ASSERTIONS = NO;
				GCC_C_LANGUAGE_STANDARD = gnu99;
				GCC_WARN_64_TO_32_BIT_CONVERSION = YES;
				GCC_WARN_ABOUT_RETURN_TYPE = YES_ERROR;
				GCC_WARN_UNDECLARED_SELECTOR = YES;
				GCC_WARN_UNINITIALIZED_AUTOS = YES_AGGRESSIVE;
				GCC_WARN_UNUSED_FUNCTION = YES;
				GCC_WARN_UNUSED_VARIABLE = YES;
				IPHONEOS_DEPLOYMENT_TARGET = 7.1;
				SDKROOT = iphoneos;
				TARGETED_DEVICE_FAMILY = "1,2";
				VALIDATE_PRODUCT = YES;
			};
			name = Release;
		};
		7744745F18E6E1E1000C0153 /* Debug */ = {
			isa = XCBuildConfiguration;
			buildSettings = {
				ASSETCATALOG_COMPILER_APPICON_NAME = AppIcon;
				ASSETCATALOG_COMPILER_LAUNCHIMAGE_NAME = LaunchImage;
				FRAMEWORK_SEARCH_PATHS = (
					"$(inherited)",
					"$(PROJECT_DIR)",
				);
				GCC_PRECOMPILE_PREFIX_HEADER = YES;
				GCC_PREFIX_HEADER = "yekdrive/yekdrive-Prefix.pch";
				INFOPLIST_FILE = "yekdrive/yekdrive-Info.plist";
				PRODUCT_NAME = "$(TARGET_NAME)";
				WRAPPER_EXTENSION = app;
			};
			name = Debug;
		};
		7744746018E6E1E1000C0153 /* Release */ = {
			isa = XCBuildConfiguration;
			buildSettings = {
				ASSETCATALOG_COMPILER_APPICON_NAME = AppIcon;
				ASSETCATALOG_COMPILER_LAUNCHIMAGE_NAME = LaunchImage;
				FRAMEWORK_SEARCH_PATHS = (
					"$(inherited)",
					"$(PROJECT_DIR)",
				);
				GCC_PRECOMPILE_PREFIX_HEADER = YES;
				GCC_PREFIX_HEADER = "yekdrive/yekdrive-Prefix.pch";
				INFOPLIST_FILE = "yekdrive/yekdrive-Info.plist";
				PRODUCT_NAME = "$(TARGET_NAME)";
				WRAPPER_EXTENSION = app;
			};
			name = Release;
		};
		7744746218E6E1E1000C0153 /* Debug */ = {
			isa = XCBuildConfiguration;
			buildSettings = {
				BUNDLE_LOADER = "$(BUILT_PRODUCTS_DIR)/yekdrive.app/yekdrive";
				FRAMEWORK_SEARCH_PATHS = (
					"$(SDKROOT)/Developer/Library/Frameworks",
					"$(inherited)",
					"$(DEVELOPER_FRAMEWORKS_DIR)",
				);
				GCC_PRECOMPILE_PREFIX_HEADER = YES;
				GCC_PREFIX_HEADER = "yekdrive/yekdrive-Prefix.pch";
				GCC_PREPROCESSOR_DEFINITIONS = (
					"DEBUG=1",
					"$(inherited)",
				);
				INFOPLIST_FILE = "yekdriveTests/yekdriveTests-Info.plist";
				PRODUCT_NAME = "$(TARGET_NAME)";
				TEST_HOST = "$(BUNDLE_LOADER)";
				WRAPPER_EXTENSION = xctest;
			};
			name = Debug;
		};
		7744746318E6E1E1000C0153 /* Release */ = {
			isa = XCBuildConfiguration;
			buildSettings = {
				BUNDLE_LOADER = "$(BUILT_PRODUCTS_DIR)/yekdrive.app/yekdrive";
				FRAMEWORK_SEARCH_PATHS = (
					"$(SDKROOT)/Developer/Library/Frameworks",
					"$(inherited)",
					"$(DEVELOPER_FRAMEWORKS_DIR)",
				);
				GCC_PRECOMPILE_PREFIX_HEADER = YES;
				GCC_PREFIX_HEADER = "yekdrive/yekdrive-Prefix.pch";
				INFOPLIST_FILE = "yekdriveTests/yekdriveTests-Info.plist";
				PRODUCT_NAME = "$(TARGET_NAME)";
				TEST_HOST = "$(BUNDLE_LOADER)";
				WRAPPER_EXTENSION = xctest;
			};
			name = Release;
		};
/* End XCBuildConfiguration section */

/* Begin XCConfigurationList section */
		7744742118E6E1E0000C0153 /* Build configuration list for PBXProject "yekdrive" */ = {
			isa = XCConfigurationList;
			buildConfigurations = (
				7744745C18E6E1E1000C0153 /* Debug */,
				7744745D18E6E1E1000C0153 /* Release */,
			);
			defaultConfigurationIsVisible = 0;
			defaultConfigurationName = Release;
		};
		7744745E18E6E1E1000C0153 /* Build configuration list for PBXNativeTarget "yekdrive" */ = {
			isa = XCConfigurationList;
			buildConfigurations = (
				7744745F18E6E1E1000C0153 /* Debug */,
				7744746018E6E1E1000C0153 /* Release */,
			);
			defaultConfigurationIsVisible = 0;
		};
		7744746118E6E1E1000C0153 /* Build configuration list for PBXNativeTarget "yekdriveTests" */ = {
			isa = XCConfigurationList;
			buildConfigurations = (
				7744746218E6E1E1000C0153 /* Debug */,
				7744746318E6E1E1000C0153 /* Release */,
			);
			defaultConfigurationIsVisible = 0;
		};
/* End XCConfigurationList section */
	};
	rootObject = 7744741E18E6E1E0000C0153 /* Project object */;
}
