// !$*UTF8*$!
{
	archiveVersion = 1;
	classes = {
	};
	objectVersion = 46;
	objects = {

/* Begin PBXBuildFile section */
		7744742A18E6E1E0000C0153 /* Foundation.framework in Frameworks */ = {isa = PBXBuildFile; fileRef = 7744742918E6E1E0000C0153 /* Foundation.framework */; };
		7744742C18E6E1E0000C0153 /* CoreGraphics.framework in Frameworks */ = {isa = PBXBuildFile; fileRef = 7744742B18E6E1E0000C0153 /* CoreGraphics.framework */; };
		7744742E18E6E1E0000C0153 /* UIKit.framework in Frameworks */ = {isa = PBXBuildFile; fileRef = 7744742D18E6E1E0000C0153 /* UIKit.framework */; };
		7744743418E6E1E0000C0153 /* InfoPlist.strings in Resources */ = {isa = PBXBuildFile; fileRef = 7744743218E6E1E0000C0153 /* InfoPlist.strings */; };
		7744743618E6E1E0000C0153 /* main.m in Sources */ = {isa = PBXBuildFile; fileRef = 7744743518E6E1E0000C0153 /* main.m */; };
		7744743D18E6E1E1000C0153 /* Main_iPhone.storyboard in Resources */ = {isa = PBXBuildFile; fileRef = 7744743B18E6E1E1000C0153 /* Main_iPhone.storyboard */; };
		7744744018E6E1E1000C0153 /* Main_iPad.storyboard in Resources */ = {isa = PBXBuildFile; fileRef = 7744743E18E6E1E1000C0153 /* Main_iPad.storyboard */; };
		7744744818E6E1E1000C0153 /* Images.xcassets in Resources */ = {isa = PBXBuildFile; fileRef = 7744744718E6E1E1000C0153 /* Images.xcassets */; };
		7744744F18E6E1E1000C0153 /* XCTest.framework in Frameworks */ = {isa = PBXBuildFile; fileRef = 7744744E18E6E1E1000C0153 /* XCTest.framework */; };
		7744745018E6E1E1000C0153 /* Foundation.framework in Frameworks */ = {isa = PBXBuildFile; fileRef = 7744742918E6E1E0000C0153 /* Foundation.framework */; };
		7744745118E6E1E1000C0153 /* UIKit.framework in Frameworks */ = {isa = PBXBuildFile; fileRef = 7744742D18E6E1E0000C0153 /* UIKit.framework */; };
		7744745918E6E1E1000C0153 /* InfoPlist.strings in Resources */ = {isa = PBXBuildFile; fileRef = 7744745718E6E1E1000C0153 /* InfoPlist.strings */; };
		7744745B18E6E1E1000C0153 /* yekdriveTests.m in Sources */ = {isa = PBXBuildFile; fileRef = 7744745A18E6E1E1000C0153 /* yekdriveTests.m */; };
		7744746518E6E35C000C0153 /* DropboxSDK.framework in Frameworks */ = {isa = PBXBuildFile; fileRef = 7744746418E6E35C000C0153 /* DropboxSDK.framework */; };
		7744746718E6E38A000C0153 /* Security.framework in Frameworks */ = {isa = PBXBuildFile; fileRef = 7744746618E6E38A000C0153 /* Security.framework */; };
		7744746918E6E395000C0153 /* QuartzCore.framework in Frameworks */ = {isa = PBXBuildFile; fileRef = 7744746818E6E395000C0153 /* QuartzCore.framework */; };
		7744747118E6F300000C0153 /* ELVDetailViewController.m in Sources */ = {isa = PBXBuildFile; fileRef = 7744746E18E6F300000C0153 /* ELVDetailViewController.m */; };
		7744747218E6F300000C0153 /* ELVMasterViewController.m in Sources */ = {isa = PBXBuildFile; fileRef = 7744747018E6F300000C0153 /* ELVMasterViewController.m */; };
		7744747518E6F320000C0153 /* ELVAppDelegate.m in Sources */ = {isa = PBXBuildFile; fileRef = 7744747418E6F320000C0153 /* ELVAppDelegate.m */; };
		7744747718E6F42A000C0153 /* Accounts_iPhone.storyboard in Resources */ = {isa = PBXBuildFile; fileRef = 7744747618E6F42A000C0153 /* Accounts_iPhone.storyboard */; };
		7744747C18E6F7C1000C0153 /* box.png in Resources */ = {isa = PBXBuildFile; fileRef = 7744747918E6F7C1000C0153 /* box.png */; };
		7744747D18E6F7C1000C0153 /* OneDrive.png in Resources */ = {isa = PBXBuildFile; fileRef = 7744747A18E6F7C1000C0153 /* OneDrive.png */; };
		7744747E18E6F7C1000C0153 /* dropbox.jpeg in Resources */ = {isa = PBXBuildFile; fileRef = 7744747B18E6F7C1000C0153 /* dropbox.jpeg */; };
		7744748218E6F924000C0153 /* ELVAccountSelectionVC.m in Sources */ = {isa = PBXBuildFile; fileRef = 7744748118E6F924000C0153 /* ELVAccountSelectionVC.m */; };
		7744748518E6FA8E000C0153 /* ELVAccountAddDropboxVC.m in Sources */ = {isa = PBXBuildFile; fileRef = 7744748418E6FA8E000C0153 /* ELVAccountAddDropboxVC.m */; };
		7744748B18E6FE8F000C0153 /* ELVStorageItem.m in Sources */ = {isa = PBXBuildFile; fileRef = 7744748A18E6FE8F000C0153 /* ELVStorageItem.m */; };
		7744749018E7004C000C0153 /* ELVDropboxRepository.m in Sources */ = {isa = PBXBuildFile; fileRef = 7744748F18E7004C000C0153 /* ELVDropboxRepository.m */; };
		7744749418E7C485000C0153 /* ELVFilesViewModel.m in Sources */ = {isa = PBXBuildFile; fileRef = 7744749318E7C485000C0153 /* ELVFilesViewModel.m */; };
		7744749718E7C820000C0153 /* ELVAccountsListingVC.m in Sources */ = {isa = PBXBuildFile; fileRef = 7744749618E7C820000C0153 /* ELVAccountsListingVC.m */; };
		7744749A18E7CA3E000C0153 /* ELVFilesListingVC.m in Sources */ = {isa = PBXBuildFile; fileRef = 7744749918E7CA3E000C0153 /* ELVFilesListingVC.m */; };
		77595B2218E96D1C00FBA8A1 /* ELVSettingsVC.m in Sources */ = {isa = PBXBuildFile; fileRef = 77595B2118E96D1C00FBA8A1 /* ELVSettingsVC.m */; };
		77595B2518E9986E00FBA8A1 /* ELVEnums.m in Sources */ = {isa = PBXBuildFile; fileRef = 77595B2418E9986E00FBA8A1 /* ELVEnums.m */; };
		77595B2818E9A07000FBA8A1 /* ELVFileViewVC.m in Sources */ = {isa = PBXBuildFile; fileRef = 77595B2718E9A07000FBA8A1 /* ELVFileViewVC.m */; };
		77ADDED418E8DA2B00E88600 /* NSObject+NTXObjectExtensions.m in Sources */ = {isa = PBXBuildFile; fileRef = 77ADDED318E8DA2B00E88600 /* NSObject+NTXObjectExtensions.m */; };
		77ADDED818E8E6B100E88600 /* ELVFileCell.m in Sources */ = {isa = PBXBuildFile; fileRef = 77ADDED718E8E6B100E88600 /* ELVFileCell.m */; };
		77ADDEDB18E8E6C300E88600 /* ELVFolderCell.m in Sources */ = {isa = PBXBuildFile; fileRef = 77ADDEDA18E8E6C300E88600 /* ELVFolderCell.m */; };
		77ADDEDD18E8E8C500E88600 /* folder.png in Resources */ = {isa = PBXBuildFile; fileRef = 77ADDEDC18E8E8C500E88600 /* folder.png */; };
		77C5E11818EA9D1C001246F6 /* ELVAccountAddOneDriveVC.m in Sources */ = {isa = PBXBuildFile; fileRef = 77C5E11718EA9D1C001246F6 /* ELVAccountAddOneDriveVC.m */; };
		77C5E11A18EAA28A001246F6 /* LiveSDK.framework in Frameworks */ = {isa = PBXBuildFile; fileRef = 77C5E11918EAA28A001246F6 /* LiveSDK.framework */; };
		77C5E11B18EAA2DC001246F6 /* LiveSDK.framework in Resources */ = {isa = PBXBuildFile; fileRef = 77C5E11918EAA28A001246F6 /* LiveSDK.framework */; };
		77C5E11E18EAA6B5001246F6 /* ELVOneDriveRepository.m in Sources */ = {isa = PBXBuildFile; fileRef = 77C5E11D18EAA6B5001246F6 /* ELVOneDriveRepository.m */; };
/* End PBXBuildFile section */

/* Begin PBXContainerItemProxy section */
		7744745218E6E1E1000C0153 /* PBXContainerItemProxy */ = {
			isa = PBXContainerItemProxy;
			containerPortal = 7744741E18E6E1E0000C0153 /* Project object */;
			proxyType = 1;
			remoteGlobalIDString = 7744742518E6E1E0000C0153;
			remoteInfo = yekdrive;
		};
/* End PBXContainerItemProxy section */

/* Begin PBXFileReference section */
		7744742618E6E1E0000C0153 /* yekdrive.app */ = {isa = PBXFileReference; explicitFileType = wrapper.application; includeInIndex = 0; path = yekdrive.app; sourceTree = BUILT_PRODUCTS_DIR; };
		7744742918E6E1E0000C0153 /* Foundation.framework */ = {isa = PBXFileReference; lastKnownFileType = wrapper.framework; name = Foundation.framework; path = System/Library/Frameworks/Foundation.framework; sourceTree = SDKROOT; };
		7744742B18E6E1E0000C0153 /* CoreGraphics.framework */ = {isa = PBXFileReference; lastKnownFileType = wrapper.framework; name = CoreGraphics.framework; path = System/Library/Frameworks/CoreGraphics.framework; sourceTree = SDKROOT; };
		7744742D18E6E1E0000C0153 /* UIKit.framework */ = {isa = PBXFileReference; lastKnownFileType = wrapper.framework; name = UIKit.framework; path = System/Library/Frameworks/UIKit.framework; sourceTree = SDKROOT; };
		7744743118E6E1E0000C0153 /* yekdrive-Info.plist */ = {isa = PBXFileReference; lastKnownFileType = text.plist.xml; path = "yekdrive-Info.plist"; sourceTree = "<group>"; };
		7744743318E6E1E0000C0153 /* en */ = {isa = PBXFileReference; lastKnownFileType = text.plist.strings; name = en; path = en.lproj/InfoPlist.strings; sourceTree = "<group>"; };
		7744743518E6E1E0000C0153 /* main.m */ = {isa = PBXFileReference; lastKnownFileType = sourcecode.c.objc; path = main.m; sourceTree = "<group>"; };
		7744743718E6E1E0000C0153 /* yekdrive-Prefix.pch */ = {isa = PBXFileReference; lastKnownFileType = sourcecode.c.h; path = "yekdrive-Prefix.pch"; sourceTree = "<group>"; };
		7744743C18E6E1E1000C0153 /* Base */ = {isa = PBXFileReference; lastKnownFileType = file.storyboard; name = Base; path = Base.lproj/Main_iPhone.storyboard; sourceTree = "<group>"; };
		7744743F18E6E1E1000C0153 /* Base */ = {isa = PBXFileReference; lastKnownFileType = file.storyboard; name = Base; path = Base.lproj/Main_iPad.storyboard; sourceTree = "<group>"; };
		7744744718E6E1E1000C0153 /* Images.xcassets */ = {isa = PBXFileReference; lastKnownFileType = folder.assetcatalog; path = Images.xcassets; sourceTree = "<group>"; };
		7744744D18E6E1E1000C0153 /* yekdriveTests.xctest */ = {isa = PBXFileReference; explicitFileType = wrapper.cfbundle; includeInIndex = 0; path = yekdriveTests.xctest; sourceTree = BUILT_PRODUCTS_DIR; };
		7744744E18E6E1E1000C0153 /* XCTest.framework */ = {isa = PBXFileReference; lastKnownFileType = wrapper.framework; name = XCTest.framework; path = Library/Frameworks/XCTest.framework; sourceTree = DEVELOPER_DIR; };
		7744745618E6E1E1000C0153 /* yekdriveTests-Info.plist */ = {isa = PBXFileReference; lastKnownFileType = text.plist.xml; path = "yekdriveTests-Info.plist"; sourceTree = "<group>"; };
		7744745818E6E1E1000C0153 /* en */ = {isa = PBXFileReference; lastKnownFileType = text.plist.strings; name = en; path = en.lproj/InfoPlist.strings; sourceTree = "<group>"; };
		7744745A18E6E1E1000C0153 /* yekdriveTests.m */ = {isa = PBXFileReference; lastKnownFileType = sourcecode.c.objc; path = yekdriveTests.m; sourceTree = "<group>"; };
		7744746418E6E35C000C0153 /* DropboxSDK.framework */ = {isa = PBXFileReference; lastKnownFileType = wrapper.framework; path = DropboxSDK.framework; sourceTree = "<group>"; };
		7744746618E6E38A000C0153 /* Security.framework */ = {isa = PBXFileReference; lastKnownFileType = wrapper.framework; name = Security.framework; path = System/Library/Frameworks/Security.framework; sourceTree = SDKROOT; };
		7744746818E6E395000C0153 /* QuartzCore.framework */ = {isa = PBXFileReference; lastKnownFileType = wrapper.framework; name = QuartzCore.framework; path = System/Library/Frameworks/QuartzCore.framework; sourceTree = SDKROOT; };
		7744746D18E6F300000C0153 /* ELVDetailViewController.h */ = {isa = PBXFileReference; fileEncoding = 4; lastKnownFileType = sourcecode.c.h; path = ELVDetailViewController.h; sourceTree = "<group>"; };
		7744746E18E6F300000C0153 /* ELVDetailViewController.m */ = {isa = PBXFileReference; fileEncoding = 4; lastKnownFileType = sourcecode.c.objc; path = ELVDetailViewController.m; sourceTree = "<group>"; };
		7744746F18E6F300000C0153 /* ELVMasterViewController.h */ = {isa = PBXFileReference; fileEncoding = 4; lastKnownFileType = sourcecode.c.h; path = ELVMasterViewController.h; sourceTree = "<group>"; };
		7744747018E6F300000C0153 /* ELVMasterViewController.m */ = {isa = PBXFileReference; fileEncoding = 4; lastKnownFileType = sourcecode.c.objc; path = ELVMasterViewController.m; sourceTree = "<group>"; };
		7744747318E6F320000C0153 /* ELVAppDelegate.h */ = {isa = PBXFileReference; fileEncoding = 4; lastKnownFileType = sourcecode.c.h; path = ELVAppDelegate.h; sourceTree = "<group>"; };
		7744747418E6F320000C0153 /* ELVAppDelegate.m */ = {isa = PBXFileReference; fileEncoding = 4; lastKnownFileType = sourcecode.c.objc; path = ELVAppDelegate.m; sourceTree = "<group>"; };
		7744747618E6F42A000C0153 /* Accounts_iPhone.storyboard */ = {isa = PBXFileReference; fileEncoding = 4; lastKnownFileType = file.storyboard; path = Accounts_iPhone.storyboard; sourceTree = "<group>"; };
		7744747918E6F7C1000C0153 /* box.png */ = {isa = PBXFileReference; lastKnownFileType = image.png; path = box.png; sourceTree = "<group>"; };
		7744747A18E6F7C1000C0153 /* OneDrive.png */ = {isa = PBXFileReference; lastKnownFileType = image.png; path = OneDrive.png; sourceTree = "<group>"; };
		7744747B18E6F7C1000C0153 /* dropbox.jpeg */ = {isa = PBXFileReference; lastKnownFileType = image.jpeg; path = dropbox.jpeg; sourceTree = "<group>"; };
		7744748018E6F924000C0153 /* ELVAccountSelectionVC.h */ = {isa = PBXFileReference; fileEncoding = 4; lastKnownFileType = sourcecode.c.h; path = ELVAccountSelectionVC.h; sourceTree = "<group>"; };
		7744748118E6F924000C0153 /* ELVAccountSelectionVC.m */ = {isa = PBXFileReference; fileEncoding = 4; lastKnownFileType = sourcecode.c.objc; path = ELVAccountSelectionVC.m; sourceTree = "<group>"; };
		7744748318E6FA8E000C0153 /* ELVAccountAddDropboxVC.h */ = {isa = PBXFileReference; fileEncoding = 4; lastKnownFileType = sourcecode.c.h; path = ELVAccountAddDropboxVC.h; sourceTree = "<group>"; };
		7744748418E6FA8E000C0153 /* ELVAccountAddDropboxVC.m */ = {isa = PBXFileReference; fileEncoding = 4; lastKnownFileType = sourcecode.c.objc; path = ELVAccountAddDropboxVC.m; sourceTree = "<group>"; };
		7744748918E6FE8F000C0153 /* ELVStorageItem.h */ = {isa = PBXFileReference; fileEncoding = 4; lastKnownFileType = sourcecode.c.h; path = ELVStorageItem.h; sourceTree = "<group>"; };
		7744748A18E6FE8F000C0153 /* ELVStorageItem.m */ = {isa = PBXFileReference; fileEncoding = 4; lastKnownFileType = sourcecode.c.objc; path = ELVStorageItem.m; sourceTree = "<group>"; };
		7744748C18E6FF8E000C0153 /* ELVIOnlineStorageRepository.h */ = {isa = PBXFileReference; lastKnownFileType = sourcecode.c.h; path = ELVIOnlineStorageRepository.h; sourceTree = "<group>"; };
		7744748E18E7004C000C0153 /* ELVDropboxRepository.h */ = {isa = PBXFileReference; fileEncoding = 4; lastKnownFileType = sourcecode.c.h; path = ELVDropboxRepository.h; sourceTree = "<group>"; };
		7744748F18E7004C000C0153 /* ELVDropboxRepository.m */ = {isa = PBXFileReference; fileEncoding = 4; lastKnownFileType = sourcecode.c.objc; path = ELVDropboxRepository.m; sourceTree = "<group>"; };
		7744749218E7C485000C0153 /* ELVFilesViewModel.h */ = {isa = PBXFileReference; fileEncoding = 4; lastKnownFileType = sourcecode.c.h; path = ELVFilesViewModel.h; sourceTree = "<group>"; };
		7744749318E7C485000C0153 /* ELVFilesViewModel.m */ = {isa = PBXFileReference; fileEncoding = 4; lastKnownFileType = sourcecode.c.objc; path = ELVFilesViewModel.m; sourceTree = "<group>"; };
		7744749518E7C820000C0153 /* ELVAccountsListingVC.h */ = {isa = PBXFileReference; fileEncoding = 4; lastKnownFileType = sourcecode.c.h; path = ELVAccountsListingVC.h; sourceTree = "<group>"; };
		7744749618E7C820000C0153 /* ELVAccountsListingVC.m */ = {isa = PBXFileReference; fileEncoding = 4; lastKnownFileType = sourcecode.c.objc; path = ELVAccountsListingVC.m; sourceTree = "<group>"; };
		7744749818E7CA3E000C0153 /* ELVFilesListingVC.h */ = {isa = PBXFileReference; fileEncoding = 4; lastKnownFileType = sourcecode.c.h; path = ELVFilesListingVC.h; sourceTree = "<group>"; };
		7744749918E7CA3E000C0153 /* ELVFilesListingVC.m */ = {isa = PBXFileReference; fileEncoding = 4; lastKnownFileType = sourcecode.c.objc; path = ELVFilesListingVC.m; sourceTree = "<group>"; };
		77595B2018E96D1C00FBA8A1 /* ELVSettingsVC.h */ = {isa = PBXFileReference; fileEncoding = 4; lastKnownFileType = sourcecode.c.h; path = ELVSettingsVC.h; sourceTree = "<group>"; };
		77595B2118E96D1C00FBA8A1 /* ELVSettingsVC.m */ = {isa = PBXFileReference; fileEncoding = 4; lastKnownFileType = sourcecode.c.objc; path = ELVSettingsVC.m; sourceTree = "<group>"; };
		77595B2318E9986E00FBA8A1 /* ELVEnums.h */ = {isa = PBXFileReference; fileEncoding = 4; lastKnownFileType = sourcecode.c.h; path = ELVEnums.h; sourceTree = "<group>"; };
		77595B2418E9986E00FBA8A1 /* ELVEnums.m */ = {isa = PBXFileReference; fileEncoding = 4; lastKnownFileType = sourcecode.c.objc; path = ELVEnums.m; sourceTree = "<group>"; };
		77595B2618E9A07000FBA8A1 /* ELVFileViewVC.h */ = {isa = PBXFileReference; fileEncoding = 4; lastKnownFileType = sourcecode.c.h; path = ELVFileViewVC.h; sourceTree = "<group>"; };
		77595B2718E9A07000FBA8A1 /* ELVFileViewVC.m */ = {isa = PBXFileReference; fileEncoding = 4; lastKnownFileType = sourcecode.c.objc; path = ELVFileViewVC.m; sourceTree = "<group>"; };
		77ADDED218E8DA2B00E88600 /* NSObject+NTXObjectExtensions.h */ = {isa = PBXFileReference; fileEncoding = 4; lastKnownFileType = sourcecode.c.h; path = "NSObject+NTXObjectExtensions.h"; sourceTree = "<group>"; };
		77ADDED318E8DA2B00E88600 /* NSObject+NTXObjectExtensions.m */ = {isa = PBXFileReference; fileEncoding = 4; lastKnownFileType = sourcecode.c.objc; path = "NSObject+NTXObjectExtensions.m"; sourceTree = "<group>"; };
		77ADDED618E8E6B100E88600 /* ELVFileCell.h */ = {isa = PBXFileReference; fileEncoding = 4; lastKnownFileType = sourcecode.c.h; path = ELVFileCell.h; sourceTree = "<group>"; };
		77ADDED718E8E6B100E88600 /* ELVFileCell.m */ = {isa = PBXFileReference; fileEncoding = 4; lastKnownFileType = sourcecode.c.objc; path = ELVFileCell.m; sourceTree = "<group>"; };
		77ADDED918E8E6C300E88600 /* ELVFolderCell.h */ = {isa = PBXFileReference; fileEncoding = 4; lastKnownFileType = sourcecode.c.h; path = ELVFolderCell.h; sourceTree = "<group>"; };
		77ADDEDA18E8E6C300E88600 /* ELVFolderCell.m */ = {isa = PBXFileReference; fileEncoding = 4; lastKnownFileType = sourcecode.c.objc; path = ELVFolderCell.m; sourceTree = "<group>"; };
		77ADDEDC18E8E8C500E88600 /* folder.png */ = {isa = PBXFileReference; lastKnownFileType = image.png; path = folder.png; sourceTree = "<group>"; };
		77C5E11618EA9D1C001246F6 /* ELVAccountAddOneDriveVC.h */ = {isa = PBXFileReference; fileEncoding = 4; lastKnownFileType = sourcecode.c.h; path = ELVAccountAddOneDriveVC.h; sourceTree = "<group>"; };
		77C5E11718EA9D1C001246F6 /* ELVAccountAddOneDriveVC.m */ = {isa = PBXFileReference; fileEncoding = 4; lastKnownFileType = sourcecode.c.objc; path = ELVAccountAddOneDriveVC.m; sourceTree = "<group>"; };
		77C5E11918EAA28A001246F6 /* LiveSDK.framework */ = {isa = PBXFileReference; lastKnownFileType = wrapper.framework; name = LiveSDK.framework; path = "../../../Downloads/LiveSDK-for-iOS-master/bin/LiveSDK.framework"; sourceTree = "<group>"; };
		77C5E11C18EAA6B5001246F6 /* ELVOneDriveRepository.h */ = {isa = PBXFileReference; fileEncoding = 4; lastKnownFileType = sourcecode.c.h; path = ELVOneDriveRepository.h; sourceTree = "<group>"; };
		77C5E11D18EAA6B5001246F6 /* ELVOneDriveRepository.m */ = {isa = PBXFileReference; fileEncoding = 4; lastKnownFileType = sourcecode.c.objc; path = ELVOneDriveRepository.m; sourceTree = "<group>"; };
/* End PBXFileReference section */

/* Begin PBXFrameworksBuildPhase section */
		7744742318E6E1E0000C0153 /* Frameworks */ = {
			isa = PBXFrameworksBuildPhase;
			buildActionMask = 2147483647;
			files = (
				77C5E11A18EAA28A001246F6 /* LiveSDK.framework in Frameworks */,
				7744746918E6E395000C0153 /* QuartzCore.framework in Frameworks */,
				7744746718E6E38A000C0153 /* Security.framework in Frameworks */,
				7744746518E6E35C000C0153 /* DropboxSDK.framework in Frameworks */,
				7744742C18E6E1E0000C0153 /* CoreGraphics.framework in Frameworks */,
				7744742E18E6E1E0000C0153 /* UIKit.framework in Frameworks */,
				7744742A18E6E1E0000C0153 /* Foundation.framework in Frameworks */,
			);
			runOnlyForDeploymentPostprocessing = 0;
		};
		7744744A18E6E1E1000C0153 /* Frameworks */ = {
			isa = PBXFrameworksBuildPhase;
			buildActionMask = 2147483647;
			files = (
				7744744F18E6E1E1000C0153 /* XCTest.framework in Frameworks */,
				7744745118E6E1E1000C0153 /* UIKit.framework in Frameworks */,
				7744745018E6E1E1000C0153 /* Foundation.framework in Frameworks */,
			);
			runOnlyForDeploymentPostprocessing = 0;
		};
/* End PBXFrameworksBuildPhase section */

/* Begin PBXGroup section */
		7744741D18E6E1E0000C0153 = {
			isa = PBXGroup;
			children = (
				7744742F18E6E1E0000C0153 /* yekdrive */,
				7744745418E6E1E1000C0153 /* yekdriveTests */,
				7744742818E6E1E0000C0153 /* Frameworks */,
				7744742718E6E1E0000C0153 /* Products */,
			);
			sourceTree = "<group>";
		};
		7744742718E6E1E0000C0153 /* Products */ = {
			isa = PBXGroup;
			children = (
				7744742618E6E1E0000C0153 /* yekdrive.app */,
				7744744D18E6E1E1000C0153 /* yekdriveTests.xctest */,
			);
			name = Products;
			sourceTree = "<group>";
		};
		7744742818E6E1E0000C0153 /* Frameworks */ = {
			isa = PBXGroup;
			children = (
				77C5E11918EAA28A001246F6 /* LiveSDK.framework */,
				7744746818E6E395000C0153 /* QuartzCore.framework */,
				7744746618E6E38A000C0153 /* Security.framework */,
				7744746418E6E35C000C0153 /* DropboxSDK.framework */,
				7744742918E6E1E0000C0153 /* Foundation.framework */,
				7744742B18E6E1E0000C0153 /* CoreGraphics.framework */,
				7744742D18E6E1E0000C0153 /* UIKit.framework */,
				7744744E18E6E1E1000C0153 /* XCTest.framework */,
			);
			name = Frameworks;
			sourceTree = "<group>";
		};
		7744742F18E6E1E0000C0153 /* yekdrive */ = {
			isa = PBXGroup;
			children = (
				7744749118E7C448000C0153 /* ViewModels */,
				7744748D18E7002C000C0153 /* Repositories */,
				7744748618E6FE00000C0153 /* Core */,
				7744744718E6E1E1000C0153 /* Images.xcassets */,
				7744743018E6E1E0000C0153 /* Supporting Files */,
				7744746A18E6F2B5000C0153 /* UI */,
			);
			path = yekdrive;
			sourceTree = "<group>";
		};
		7744743018E6E1E0000C0153 /* Supporting Files */ = {
			isa = PBXGroup;
			children = (
				7744747818E6F6CB000C0153 /* Images */,
				7744743118E6E1E0000C0153 /* yekdrive-Info.plist */,
				7744743218E6E1E0000C0153 /* InfoPlist.strings */,
				7744743518E6E1E0000C0153 /* main.m */,
				7744743718E6E1E0000C0153 /* yekdrive-Prefix.pch */,
			);
			name = "Supporting Files";
			sourceTree = "<group>";
		};
		7744745418E6E1E1000C0153 /* yekdriveTests */ = {
			isa = PBXGroup;
			children = (
				7744745A18E6E1E1000C0153 /* yekdriveTests.m */,
				7744745518E6E1E1000C0153 /* Supporting Files */,
			);
			path = yekdriveTests;
			sourceTree = "<group>";
		};
		7744745518E6E1E1000C0153 /* Supporting Files */ = {
			isa = PBXGroup;
			children = (
				7744745618E6E1E1000C0153 /* yekdriveTests-Info.plist */,
				7744745718E6E1E1000C0153 /* InfoPlist.strings */,
			);
			name = "Supporting Files";
			sourceTree = "<group>";
		};
		7744746A18E6F2B5000C0153 /* UI */ = {
			isa = PBXGroup;
			children = (
				77ADDED518E8E68800E88600 /* UICells */,
				7744747318E6F320000C0153 /* ELVAppDelegate.h */,
				7744747418E6F320000C0153 /* ELVAppDelegate.m */,
				7744746B18E6F2B5000C0153 /* StoryBoards */,
				7744746C18E6F2B5000C0153 /* ViewControllers */,
			);
			path = UI;
			sourceTree = "<group>";
		};
		7744746B18E6F2B5000C0153 /* StoryBoards */ = {
			isa = PBXGroup;
			children = (
				7744743B18E6E1E1000C0153 /* Main_iPhone.storyboard */,
				7744743E18E6E1E1000C0153 /* Main_iPad.storyboard */,
				7744747618E6F42A000C0153 /* Accounts_iPhone.storyboard */,
			);
			path = StoryBoards;
			sourceTree = "<group>";
		};
		7744746C18E6F2B5000C0153 /* ViewControllers */ = {
			isa = PBXGroup;
			children = (
				77595B1F18E96D1C00FBA8A1 /* Settings */,
				7744747F18E6F8D8000C0153 /* Accounts */,
				7744746D18E6F300000C0153 /* ELVDetailViewController.h */,
				7744746E18E6F300000C0153 /* ELVDetailViewController.m */,
				7744746F18E6F300000C0153 /* ELVMasterViewController.h */,
				7744747018E6F300000C0153 /* ELVMasterViewController.m */,
				7744749818E7CA3E000C0153 /* ELVFilesListingVC.h */,
				7744749918E7CA3E000C0153 /* ELVFilesListingVC.m */,
				77595B2618E9A07000FBA8A1 /* ELVFileViewVC.h */,
				77595B2718E9A07000FBA8A1 /* ELVFileViewVC.m */,
			);
			path = ViewControllers;
			sourceTree = "<group>";
		};
		7744747818E6F6CB000C0153 /* Images */ = {
			isa = PBXGroup;
			children = (
				77ADDEDC18E8E8C500E88600 /* folder.png */,
				7744747918E6F7C1000C0153 /* box.png */,
				7744747A18E6F7C1000C0153 /* OneDrive.png */,
				7744747B18E6F7C1000C0153 /* dropbox.jpeg */,
			);
			path = Images;
			sourceTree = "<group>";
		};
		7744747F18E6F8D8000C0153 /* Accounts */ = {
			isa = PBXGroup;
			children = (
				7744748018E6F924000C0153 /* ELVAccountSelectionVC.h */,
				7744748118E6F924000C0153 /* ELVAccountSelectionVC.m */,
				7744748318E6FA8E000C0153 /* ELVAccountAddDropboxVC.h */,
				7744748418E6FA8E000C0153 /* ELVAccountAddDropboxVC.m */,
				7744749518E7C820000C0153 /* ELVAccountsListingVC.h */,
				7744749618E7C820000C0153 /* ELVAccountsListingVC.m */,
				77C5E11618EA9D1C001246F6 /* ELVAccountAddOneDriveVC.h */,
				77C5E11718EA9D1C001246F6 /* ELVAccountAddOneDriveVC.m */,
			);
			path = Accounts;
			sourceTree = "<group>";
		};
		7744748618E6FE00000C0153 /* Core */ = {
			isa = PBXGroup;
			children = (
				77ADDED118E8DA1A00E88600 /* Extensions */,
				7744748718E6FE00000C0153 /* Contracts */,
				7744748818E6FE00000C0153 /* Models */,
			);
			path = Core;
			sourceTree = "<group>";
		};
		7744748718E6FE00000C0153 /* Contracts */ = {
			isa = PBXGroup;
			children = (
				7744748C18E6FF8E000C0153 /* ELVIOnlineStorageRepository.h */,
			);
			path = Contracts;
			sourceTree = "<group>";
		};
		7744748818E6FE00000C0153 /* Models */ = {
			isa = PBXGroup;
			children = (
				7744748918E6FE8F000C0153 /* ELVStorageItem.h */,
				7744748A18E6FE8F000C0153 /* ELVStorageItem.m */,
				77595B2318E9986E00FBA8A1 /* ELVEnums.h */,
				77595B2418E9986E00FBA8A1 /* ELVEnums.m */,
			);
			path = Models;
			sourceTree = "<group>";
		};
		7744748D18E7002C000C0153 /* Repositories */ = {
			isa = PBXGroup;
			children = (
				7744748E18E7004C000C0153 /* ELVDropboxRepository.h */,
				7744748F18E7004C000C0153 /* ELVDropboxRepository.m */,
				77C5E11C18EAA6B5001246F6 /* ELVOneDriveRepository.h */,
				77C5E11D18EAA6B5001246F6 /* ELVOneDriveRepository.m */,
			);
			path = Repositories;
			sourceTree = "<group>";
		};
		7744749118E7C448000C0153 /* ViewModels */ = {
			isa = PBXGroup;
			children = (
				7744749218E7C485000C0153 /* ELVFilesViewModel.h */,
				7744749318E7C485000C0153 /* ELVFilesViewModel.m */,
			);
			path = ViewModels;
			sourceTree = "<group>";
		};
		77595B1F18E96D1C00FBA8A1 /* Settings */ = {
			isa = PBXGroup;
			children = (
				77595B2018E96D1C00FBA8A1 /* ELVSettingsVC.h */,
				77595B2118E96D1C00FBA8A1 /* ELVSettingsVC.m */,
			);
			path = Settings;
			sourceTree = "<group>";
		};
		77ADDED118E8DA1A00E88600 /* Extensions */ = {
			isa = PBXGroup;
			children = (
				77ADDED218E8DA2B00E88600 /* NSObject+NTXObjectExtensions.h */,
				77ADDED318E8DA2B00E88600 /* NSObject+NTXObjectExtensions.m */,
			);
			path = Extensions;
			sourceTree = "<group>";
		};
		77ADDED518E8E68800E88600 /* UICells */ = {
			isa = PBXGroup;
			children = (
				77ADDED618E8E6B100E88600 /* ELVFileCell.h */,
				77ADDED718E8E6B100E88600 /* ELVFileCell.m */,
				77ADDED918E8E6C300E88600 /* ELVFolderCell.h */,
				77ADDEDA18E8E6C300E88600 /* ELVFolderCell.m */,
			);
			path = UICells;
			sourceTree = "<group>";
		};
/* End PBXGroup section */

/* Begin PBXNativeTarget section */
		7744742518E6E1E0000C0153 /* yekdrive */ = {
			isa = PBXNativeTarget;
			buildConfigurationList = 7744745E18E6E1E1000C0153 /* Build configuration list for PBXNativeTarget "yekdrive" */;
			buildPhases = (
				7744742218E6E1E0000C0153 /* Sources */,
				7744742318E6E1E0000C0153 /* Frameworks */,
				7744742418E6E1E0000C0153 /* Resources */,
			);
			buildRules = (
			);
			dependencies = (
			);
			name = yekdrive;
			productName = yekdrive;
			productReference = 7744742618E6E1E0000C0153 /* yekdrive.app */;
			productType = "com.apple.product-type.application";
		};
		7744744C18E6E1E1000C0153 /* yekdriveTests */ = {
			isa = PBXNativeTarget;
			buildConfigurationList = 7744746118E6E1E1000C0153 /* Build configuration list for PBXNativeTarget "yekdriveTests" */;
			buildPhases = (
				7744744918E6E1E1000C0153 /* Sources */,
				7744744A18E6E1E1000C0153 /* Frameworks */,
				7744744B18E6E1E1000C0153 /* Resources */,
			);
			buildRules = (
			);
			dependencies = (
				7744745318E6E1E1000C0153 /* PBXTargetDependency */,
			);
			name = yekdriveTests;
			productName = yekdriveTests;
			productReference = 7744744D18E6E1E1000C0153 /* yekdriveTests.xctest */;
			productType = "com.apple.product-type.bundle.unit-test";
		};
/* End PBXNativeTarget section */

/* Begin PBXProject section */
		7744741E18E6E1E0000C0153 /* Project object */ = {
			isa = PBXProject;
			attributes = {
				CLASSPREFIX = ELV;
				LastUpgradeCheck = 0510;
				ORGANIZATIONNAME = Elvun;
				TargetAttributes = {
					7744744C18E6E1E1000C0153 = {
						TestTargetID = 7744742518E6E1E0000C0153;
					};
				};
			};
			buildConfigurationList = 7744742118E6E1E0000C0153 /* Build configuration list for PBXProject "yekdrive" */;
			compatibilityVersion = "Xcode 3.2";
			developmentRegion = English;
			hasScannedForEncodings = 0;
			knownRegions = (
				en,
				Base,
			);
			mainGroup = 7744741D18E6E1E0000C0153;
			productRefGroup = 7744742718E6E1E0000C0153 /* Products */;
			projectDirPath = "";
			projectRoot = "";
			targets = (
				7744742518E6E1E0000C0153 /* yekdrive */,
				7744744C18E6E1E1000C0153 /* yekdriveTests */,
			);
		};
/* End PBXProject section */

/* Begin PBXResourcesBuildPhase section */
		7744742418E6E1E0000C0153 /* Resources */ = {
			isa = PBXResourcesBuildPhase;
			buildActionMask = 2147483647;
			files = (
				7744744018E6E1E1000C0153 /* Main_iPad.storyboard in Resources */,
				7744744818E6E1E1000C0153 /* Images.xcassets in Resources */,
				77ADDEDD18E8E8C500E88600 /* folder.png in Resources */,
				7744747718E6F42A000C0153 /* Accounts_iPhone.storyboard in Resources */,
				7744747C18E6F7C1000C0153 /* box.png in Resources */,
				7744747D18E6F7C1000C0153 /* OneDrive.png in Resources */,
				77C5E11B18EAA2DC001246F6 /* LiveSDK.framework in Resources */,
				7744743D18E6E1E1000C0153 /* Main_iPhone.storyboard in Resources */,
				7744747E18E6F7C1000C0153 /* dropbox.jpeg in Resources */,
				7744743418E6E1E0000C0153 /* InfoPlist.strings in Resources */,
			);
			runOnlyForDeploymentPostprocessing = 0;
		};
		7744744B18E6E1E1000C0153 /* Resources */ = {
			isa = PBXResourcesBuildPhase;
			buildActionMask = 2147483647;
			files = (
				7744745918E6E1E1000C0153 /* InfoPlist.strings in Resources */,
			);
			runOnlyForDeploymentPostprocessing = 0;
		};
/* End PBXResourcesBuildPhase section */

/* Begin PBXSourcesBuildPhase section */
		7744742218E6E1E0000C0153 /* Sources */ = {
			isa = PBXSourcesBuildPhase;
			buildActionMask = 2147483647;
			files = (
				7744748B18E6FE8F000C0153 /* ELVStorageItem.m in Sources */,
				77ADDEDB18E8E6C300E88600 /* ELVFolderCell.m in Sources */,
				77ADDED418E8DA2B00E88600 /* NSObject+NTXObjectExtensions.m in Sources */,
				77ADDED818E8E6B100E88600 /* ELVFileCell.m in Sources */,
				77595B2518E9986E00FBA8A1 /* ELVEnums.m in Sources */,
				7744747118E6F300000C0153 /* ELVDetailViewController.m in Sources */,
				7744748218E6F924000C0153 /* ELVAccountSelectionVC.m in Sources */,
				7744749718E7C820000C0153 /* ELVAccountsListingVC.m in Sources */,
				7744749A18E7CA3E000C0153 /* ELVFilesListingVC.m in Sources */,
				7744747218E6F300000C0153 /* ELVMasterViewController.m in Sources */,
				77C5E11E18EAA6B5001246F6 /* ELVOneDriveRepository.m in Sources */,
				77C5E11818EA9D1C001246F6 /* ELVAccountAddOneDriveVC.m in Sources */,
				77595B2218E96D1C00FBA8A1 /* ELVSettingsVC.m in Sources */,
				7744747518E6F320000C0153 /* ELVAppDelegate.m in Sources */,
				77595B2818E9A07000FBA8A1 /* ELVFileViewVC.m in Sources */,
				7744743618E6E1E0000C0153 /* main.m in Sources */,
				7744749018E7004C000C0153 /* ELVDropboxRepository.m in Sources */,
				7744749418E7C485000C0153 /* ELVFilesViewModel.m in Sources */,
				7744748518E6FA8E000C0153 /* ELVAccountAddDropboxVC.m in Sources */,
			);
			runOnlyForDeploymentPostprocessing = 0;
		};
		7744744918E6E1E1000C0153 /* Sources */ = {
			isa = PBXSourcesBuildPhase;
			buildActionMask = 2147483647;
			files = (
				7744745B18E6E1E1000C0153 /* yekdriveTests.m in Sources */,
			);
			runOnlyForDeploymentPostprocessing = 0;
		};
/* End PBXSourcesBuildPhase section */

/* Begin PBXTargetDependency section */
		7744745318E6E1E1000C0153 /* PBXTargetDependency */ = {
			isa = PBXTargetDependency;
			target = 7744742518E6E1E0000C0153 /* yekdrive */;
			targetProxy = 7744745218E6E1E1000C0153 /* PBXContainerItemProxy */;
		};
/* End PBXTargetDependency section */

/* Begin PBXVariantGroup section */
		7744743218E6E1E0000C0153 /* InfoPlist.strings */ = {
			isa = PBXVariantGroup;
			children = (
				7744743318E6E1E0000C0153 /* en */,
			);
			name = InfoPlist.strings;
			sourceTree = "<group>";
		};
		7744743B18E6E1E1000C0153 /* Main_iPhone.storyboard */ = {
			isa = PBXVariantGroup;
			children = (
				7744743C18E6E1E1000C0153 /* Base */,
			);
			name = Main_iPhone.storyboard;
			path = ../..;
			sourceTree = "<group>";
		};
		7744743E18E6E1E1000C0153 /* Main_iPad.storyboard */ = {
			isa = PBXVariantGroup;
			children = (
				7744743F18E6E1E1000C0153 /* Base */,
			);
			name = Main_iPad.storyboard;
			path = ../..;
			sourceTree = "<group>";
		};
		7744745718E6E1E1000C0153 /* InfoPlist.strings */ = {
			isa = PBXVariantGroup;
			children = (
				7744745818E6E1E1000C0153 /* en */,
			);
			name = InfoPlist.strings;
			sourceTree = "<group>";
		};
/* End PBXVariantGroup section */

/* Begin XCBuildConfiguration section */
		7744745C18E6E1E1000C0153 /* Debug */ = {
			isa = XCBuildConfiguration;
			buildSettings = {
				ALWAYS_SEARCH_USER_PATHS = NO;
				CLANG_CXX_LANGUAGE_STANDARD = "gnu++0x";
				CLANG_CXX_LIBRARY = "libc++";
				CLANG_ENABLE_MODULES = YES;
				CLANG_ENABLE_OBJC_ARC = YES;
				CLANG_WARN_BOOL_CONVERSION = YES;
				CLANG_WARN_CONSTANT_CONVERSION = YES;
				CLANG_WARN_DIRECT_OBJC_ISA_USAGE = YES_ERROR;
				CLANG_WARN_EMPTY_BODY = YES;
				CLANG_WARN_ENUM_CONVERSION = YES;
				CLANG_WARN_INT_CONVERSION = YES;
				CLANG_WARN_OBJC_ROOT_CLASS = YES_ERROR;
				CLANG_WARN__DUPLICATE_METHOD_MATCH = YES;
				"CODE_SIGN_IDENTITY[sdk=iphoneos*]" = "iPhone Developer";
				COPY_PHASE_STRIP = NO;
				GCC_C_LANGUAGE_STANDARD = gnu99;
				GCC_DYNAMIC_NO_PIC = NO;
				GCC_OPTIMIZATION_LEVEL = 0;
				GCC_PREPROCESSOR_DEFINITIONS = (
					"DEBUG=1",
					"$(inherited)",
				);
				GCC_SYMBOLS_PRIVATE_EXTERN = NO;
				GCC_WARN_64_TO_32_BIT_CONVERSION = YES;
				GCC_WARN_ABOUT_RETURN_TYPE = YES_ERROR;
				GCC_WARN_UNDECLARED_SELECTOR = YES;
				GCC_WARN_UNINITIALIZED_AUTOS = YES_AGGRESSIVE;
				GCC_WARN_UNUSED_FUNCTION = YES;
				GCC_WARN_UNUSED_VARIABLE = YES;
				IPHONEOS_DEPLOYMENT_TARGET = 7.1;
				ONLY_ACTIVE_ARCH = YES;
				SDKROOT = iphoneos;
				TARGETED_DEVICE_FAMILY = "1,2";
			};
			name = Debug;
		};
		7744745D18E6E1E1000C0153 /* Release */ = {
			isa = XCBuildConfiguration;
			buildSettings = {
				ALWAYS_SEARCH_USER_PATHS = NO;
				CLANG_CXX_LANGUAGE_STANDARD = "gnu++0x";
				CLANG_CXX_LIBRARY = "libc++";
				CLANG_ENABLE_MODULES = YES;
				CLANG_ENABLE_OBJC_ARC = YES;
				CLANG_WARN_BOOL_CONVERSION = YES;
				CLANG_WARN_CONSTANT_CONVERSION = YES;
				CLANG_WARN_DIRECT_OBJC_ISA_USAGE = YES_ERROR;
				CLANG_WARN_EMPTY_BODY = YES;
				CLANG_WARN_ENUM_CONVERSION = YES;
				CLANG_WARN_INT_CONVERSION = YES;
				CLANG_WARN_OBJC_ROOT_CLASS = YES_ERROR;
				CLANG_WARN__DUPLICATE_METHOD_MATCH = YES;
				"CODE_SIGN_IDENTITY[sdk=iphoneos*]" = "iPhone Developer";
				COPY_PHASE_STRIP = YES;
				ENABLE_NS_ASSERTIONS = NO;
				GCC_C_LANGUAGE_STANDARD = gnu99;
				GCC_WARN_64_TO_32_BIT_CONVERSION = YES;
				GCC_WARN_ABOUT_RETURN_TYPE = YES_ERROR;
				GCC_WARN_UNDECLARED_SELECTOR = YES;
				GCC_WARN_UNINITIALIZED_AUTOS = YES_AGGRESSIVE;
				GCC_WARN_UNUSED_FUNCTION = YES;
				GCC_WARN_UNUSED_VARIABLE = YES;
				IPHONEOS_DEPLOYMENT_TARGET = 7.1;
				SDKROOT = iphoneos;
				TARGETED_DEVICE_FAMILY = "1,2";
				VALIDATE_PRODUCT = YES;
			};
			name = Release;
		};
		7744745F18E6E1E1000C0153 /* Debug */ = {
			isa = XCBuildConfiguration;
			buildSettings = {
				ASSETCATALOG_COMPILER_APPICON_NAME = AppIcon;
				ASSETCATALOG_COMPILER_LAUNCHIMAGE_NAME = LaunchImage;
				FRAMEWORK_SEARCH_PATHS = (
					"$(inherited)",
					"$(PROJECT_DIR)",
					"/Users/vt/Downloads/LiveSDK-for-iOS-master/bin",
				);
				GCC_PRECOMPILE_PREFIX_HEADER = YES;
				GCC_PREFIX_HEADER = "yekdrive/yekdrive-Prefix.pch";
				INFOPLIST_FILE = "yekdrive/yekdrive-Info.plist";
				PRODUCT_NAME = "$(TARGET_NAME)";
				WRAPPER_EXTENSION = app;
			};
			name = Debug;
		};
		7744746018E6E1E1000C0153 /* Release */ = {
			isa = XCBuildConfiguration;
			buildSettings = {
				ASSETCATALOG_COMPILER_APPICON_NAME = AppIcon;
				ASSETCATALOG_COMPILER_LAUNCHIMAGE_NAME = LaunchImage;
				FRAMEWORK_SEARCH_PATHS = (
					"$(inherited)",
					"$(PROJECT_DIR)",
					"/Users/vt/Downloads/LiveSDK-for-iOS-master/bin",
				);
				GCC_PRECOMPILE_PREFIX_HEADER = YES;
				GCC_PREFIX_HEADER = "yekdrive/yekdrive-Prefix.pch";
				INFOPLIST_FILE = "yekdrive/yekdrive-Info.plist";
				PRODUCT_NAME = "$(TARGET_NAME)";
				WRAPPER_EXTENSION = app;
			};
			name = Release;
		};
		7744746218E6E1E1000C0153 /* Debug */ = {
			isa = XCBuildConfiguration;
			buildSettings = {
				BUNDLE_LOADER = "$(BUILT_PRODUCTS_DIR)/yekdrive.app/yekdrive";
				FRAMEWORK_SEARCH_PATHS = (
					"$(SDKROOT)/Developer/Library/Frameworks",
					"$(inherited)",
					"$(DEVELOPER_FRAMEWORKS_DIR)",
				);
				GCC_PRECOMPILE_PREFIX_HEADER = YES;
				GCC_PREFIX_HEADER = "yekdrive/yekdrive-Prefix.pch";
				GCC_PREPROCESSOR_DEFINITIONS = (
					"DEBUG=1",
					"$(inherited)",
				);
				INFOPLIST_FILE = "yekdriveTests/yekdriveTests-Info.plist";
				PRODUCT_NAME = "$(TARGET_NAME)";
				TEST_HOST = "$(BUNDLE_LOADER)";
				WRAPPER_EXTENSION = xctest;
			};
			name = Debug;
		};
		7744746318E6E1E1000C0153 /* Release */ = {
			isa = XCBuildConfiguration;
			buildSettings = {
				BUNDLE_LOADER = "$(BUILT_PRODUCTS_DIR)/yekdrive.app/yekdrive";
				FRAMEWORK_SEARCH_PATHS = (
					"$(SDKROOT)/Developer/Library/Frameworks",
					"$(inherited)",
					"$(DEVELOPER_FRAMEWORKS_DIR)",
				);
				GCC_PRECOMPILE_PREFIX_HEADER = YES;
				GCC_PREFIX_HEADER = "yekdrive/yekdrive-Prefix.pch";
				INFOPLIST_FILE = "yekdriveTests/yekdriveTests-Info.plist";
				PRODUCT_NAME = "$(TARGET_NAME)";
				TEST_HOST = "$(BUNDLE_LOADER)";
				WRAPPER_EXTENSION = xctest;
			};
			name = Release;
		};
/* End XCBuildConfiguration section */

/* Begin XCConfigurationList section */
		7744742118E6E1E0000C0153 /* Build configuration list for PBXProject "yekdrive" */ = {
			isa = XCConfigurationList;
			buildConfigurations = (
				7744745C18E6E1E1000C0153 /* Debug */,
				7744745D18E6E1E1000C0153 /* Release */,
			);
			defaultConfigurationIsVisible = 0;
			defaultConfigurationName = Release;
		};
		7744745E18E6E1E1000C0153 /* Build configuration list for PBXNativeTarget "yekdrive" */ = {
			isa = XCConfigurationList;
			buildConfigurations = (
				7744745F18E6E1E1000C0153 /* Debug */,
				7744746018E6E1E1000C0153 /* Release */,
			);
			defaultConfigurationIsVisible = 0;
			defaultConfigurationName = Release;
		};
		7744746118E6E1E1000C0153 /* Build configuration list for PBXNativeTarget "yekdriveTests" */ = {
			isa = XCConfigurationList;
			buildConfigurations = (
				7744746218E6E1E1000C0153 /* Debug */,
				7744746318E6E1E1000C0153 /* Release */,
			);
			defaultConfigurationIsVisible = 0;
			defaultConfigurationName = Release;
		};
/* End XCConfigurationList section */
	};
	rootObject = 7744741E18E6E1E0000C0153 /* Project object */;
}
